// !$*UTF8*$!
{
	archiveVersion = 1;
	classes = {
	};
	objectVersion = 51;
	objects = {

/* Begin PBXBuildFile section */
		B6F0C983EC7C0F3A458E245F /* Pods_Flixster.framework in Frameworks */ = {isa = PBXBuildFile; fileRef = 47FAB489F204C39C8837A2BE /* Pods_Flixster.framework */; };
		D97056B92395E9C300CCC2EC /* MovieDetailsViewController.swift in Sources */ = {isa = PBXBuildFile; fileRef = D97056B82395E9C300CCC2EC /* MovieDetailsViewController.swift */; };
		D9841983238772C600FD3456 /* MovieCell.swift in Sources */ = {isa = PBXBuildFile; fileRef = D9841982238772C600FD3456 /* MovieCell.swift */; };
		D9A38CD0239B70A60036298B /* SuperheroMovieDetailsViewController.swift in Sources */ = {isa = PBXBuildFile; fileRef = D9A38CCF239B70A60036298B /* SuperheroMovieDetailsViewController.swift */; };
		D9D1DE422396DB690014C97B /* MovieGridViewController.swift in Sources */ = {isa = PBXBuildFile; fileRef = D9D1DE412396DB690014C97B /* MovieGridViewController.swift */; };
		D9D1DE442396DE8D0014C97B /* MovieGridCell.swift in Sources */ = {isa = PBXBuildFile; fileRef = D9D1DE432396DE8D0014C97B /* MovieGridCell.swift */; };
		D9E784842396F202007A0A3B /* UrlHelper.swift in Sources */ = {isa = PBXBuildFile; fileRef = D9E784832396F202007A0A3B /* UrlHelper.swift */; };
		D9EA088923861D6E00FE9570 /* AppDelegate.swift in Sources */ = {isa = PBXBuildFile; fileRef = D9EA088823861D6E00FE9570 /* AppDelegate.swift */; };
		D9EA088B23861D6E00FE9570 /* SceneDelegate.swift in Sources */ = {isa = PBXBuildFile; fileRef = D9EA088A23861D6E00FE9570 /* SceneDelegate.swift */; };
		D9EA089023861D6E00FE9570 /* Main.storyboard in Resources */ = {isa = PBXBuildFile; fileRef = D9EA088E23861D6E00FE9570 /* Main.storyboard */; };
		D9EA089223861D7000FE9570 /* Assets.xcassets in Resources */ = {isa = PBXBuildFile; fileRef = D9EA089123861D7000FE9570 /* Assets.xcassets */; };
		D9EA089523861D7000FE9570 /* LaunchScreen.storyboard in Resources */ = {isa = PBXBuildFile; fileRef = D9EA089323861D7000FE9570 /* LaunchScreen.storyboard */; };
		D9EA089D2386263300FE9570 /* MoviesViewController.swift in Sources */ = {isa = PBXBuildFile; fileRef = D9EA089C2386263300FE9570 /* MoviesViewController.swift */; };
/* End PBXBuildFile section */

/* Begin PBXFileReference section */
		47FAB489F204C39C8837A2BE /* Pods_Flixster.framework */ = {isa = PBXFileReference; explicitFileType = wrapper.framework; includeInIndex = 0; path = Pods_Flixster.framework; sourceTree = BUILT_PRODUCTS_DIR; };
		6AF75F81DC6F6E8B425802A1 /* Pods-Flixster.debug.xcconfig */ = {isa = PBXFileReference; includeInIndex = 1; lastKnownFileType = text.xcconfig; name = "Pods-Flixster.debug.xcconfig"; path = "Target Support Files/Pods-Flixster/Pods-Flixster.debug.xcconfig"; sourceTree = "<group>"; };
		C139FB0B9C5ABDC2291A4769 /* Pods-Flixster.release.xcconfig */ = {isa = PBXFileReference; includeInIndex = 1; lastKnownFileType = text.xcconfig; name = "Pods-Flixster.release.xcconfig"; path = "Target Support Files/Pods-Flixster/Pods-Flixster.release.xcconfig"; sourceTree = "<group>"; };
		D97056B82395E9C300CCC2EC /* MovieDetailsViewController.swift */ = {isa = PBXFileReference; lastKnownFileType = sourcecode.swift; path = MovieDetailsViewController.swift; sourceTree = "<group>"; };
		D9841982238772C600FD3456 /* MovieCell.swift */ = {isa = PBXFileReference; lastKnownFileType = sourcecode.swift; path = MovieCell.swift; sourceTree = "<group>"; };
		D9A38CCF239B70A60036298B /* SuperheroMovieDetailsViewController.swift */ = {isa = PBXFileReference; lastKnownFileType = sourcecode.swift; path = SuperheroMovieDetailsViewController.swift; sourceTree = "<group>"; };
		D9D1DE412396DB690014C97B /* MovieGridViewController.swift */ = {isa = PBXFileReference; lastKnownFileType = sourcecode.swift; path = MovieGridViewController.swift; sourceTree = "<group>"; };
		D9D1DE432396DE8D0014C97B /* MovieGridCell.swift */ = {isa = PBXFileReference; lastKnownFileType = sourcecode.swift; path = MovieGridCell.swift; sourceTree = "<group>"; };
		D9E784832396F202007A0A3B /* UrlHelper.swift */ = {isa = PBXFileReference; lastKnownFileType = sourcecode.swift; path = UrlHelper.swift; sourceTree = "<group>"; };
		D9EA088523861D6E00FE9570 /* Flixster.app */ = {isa = PBXFileReference; explicitFileType = wrapper.application; includeInIndex = 0; path = Flixster.app; sourceTree = BUILT_PRODUCTS_DIR; };
		D9EA088823861D6E00FE9570 /* AppDelegate.swift */ = {isa = PBXFileReference; lastKnownFileType = sourcecode.swift; path = AppDelegate.swift; sourceTree = "<group>"; };
		D9EA088A23861D6E00FE9570 /* SceneDelegate.swift */ = {isa = PBXFileReference; lastKnownFileType = sourcecode.swift; path = SceneDelegate.swift; sourceTree = "<group>"; };
		D9EA088F23861D6E00FE9570 /* Base */ = {isa = PBXFileReference; lastKnownFileType = file.storyboard; name = Base; path = Base.lproj/Main.storyboard; sourceTree = "<group>"; };
		D9EA089123861D7000FE9570 /* Assets.xcassets */ = {isa = PBXFileReference; lastKnownFileType = folder.assetcatalog; path = Assets.xcassets; sourceTree = "<group>"; };
		D9EA089423861D7000FE9570 /* Base */ = {isa = PBXFileReference; lastKnownFileType = file.storyboard; name = Base; path = Base.lproj/LaunchScreen.storyboard; sourceTree = "<group>"; };
		D9EA089623861D7000FE9570 /* Info.plist */ = {isa = PBXFileReference; lastKnownFileType = text.plist.xml; path = Info.plist; sourceTree = "<group>"; };
		D9EA089C2386263300FE9570 /* MoviesViewController.swift */ = {isa = PBXFileReference; lastKnownFileType = sourcecode.swift; path = MoviesViewController.swift; sourceTree = "<group>"; };
/* End PBXFileReference section */

/* Begin PBXFrameworksBuildPhase section */
		D9EA088223861D6E00FE9570 /* Frameworks */ = {
			isa = PBXFrameworksBuildPhase;
			buildActionMask = 2147483647;
			files = (
				B6F0C983EC7C0F3A458E245F /* Pods_Flixster.framework in Frameworks */,
			);
			runOnlyForDeploymentPostprocessing = 0;
		};
/* End PBXFrameworksBuildPhase section */

/* Begin PBXGroup section */
		162FDE6519C5FB6451633E94 /* Frameworks */ = {
			isa = PBXGroup;
			children = (
				47FAB489F204C39C8837A2BE /* Pods_Flixster.framework */,
			);
			name = Frameworks;
			sourceTree = "<group>";
		};
		D29228CBF600E99A12B3445B /* Pods */ = {
			isa = PBXGroup;
			children = (
				6AF75F81DC6F6E8B425802A1 /* Pods-Flixster.debug.xcconfig */,
				C139FB0B9C5ABDC2291A4769 /* Pods-Flixster.release.xcconfig */,
			);
			path = Pods;
			sourceTree = "<group>";
		};
		D93911B7239701610037A6A5 /* Helpers */ = {
			isa = PBXGroup;
			children = (
				D9E784832396F202007A0A3B /* UrlHelper.swift */,
			);
			path = Helpers;
			sourceTree = "<group>";
		};
		D9EA087C23861D6E00FE9570 = {
			isa = PBXGroup;
			children = (
				D9EA088723861D6E00FE9570 /* Flixster */,
				D9EA088623861D6E00FE9570 /* Products */,
				D29228CBF600E99A12B3445B /* Pods */,
				162FDE6519C5FB6451633E94 /* Frameworks */,
			);
			sourceTree = "<group>";
		};
		D9EA088623861D6E00FE9570 /* Products */ = {
			isa = PBXGroup;
			children = (
				D9EA088523861D6E00FE9570 /* Flixster.app */,
			);
			name = Products;
			sourceTree = "<group>";
		};
		D9EA088723861D6E00FE9570 /* Flixster */ = {
			isa = PBXGroup;
			children = (
				D9EA088823861D6E00FE9570 /* AppDelegate.swift */,
				D9EA088A23861D6E00FE9570 /* SceneDelegate.swift */,
				D9EA088E23861D6E00FE9570 /* Main.storyboard */,
				D9EA089123861D7000FE9570 /* Assets.xcassets */,
				D9EA089323861D7000FE9570 /* LaunchScreen.storyboard */,
				D9EA089623861D7000FE9570 /* Info.plist */,
				D9EA089C2386263300FE9570 /* MoviesViewController.swift */,
				D9841982238772C600FD3456 /* MovieCell.swift */,
				D97056B82395E9C300CCC2EC /* MovieDetailsViewController.swift */,
				D9D1DE412396DB690014C97B /* MovieGridViewController.swift */,
				D9D1DE432396DE8D0014C97B /* MovieGridCell.swift */,
				D9A38CCF239B70A60036298B /* SuperheroMovieDetailsViewController.swift */,
				D93911B7239701610037A6A5 /* Helpers */,
			);
			path = Flixster;
			sourceTree = "<group>";
		};
/* End PBXGroup section */

/* Begin PBXNativeTarget section */
		D9EA088423861D6E00FE9570 /* Flixster */ = {
			isa = PBXNativeTarget;
			buildConfigurationList = D9EA089923861D7000FE9570 /* Build configuration list for PBXNativeTarget "Flixster" */;
			buildPhases = (
				C92DB2C76027978D742D1A22 /* [CP] Check Pods Manifest.lock */,
				D9EA088123861D6E00FE9570 /* Sources */,
				D9EA088223861D6E00FE9570 /* Frameworks */,
				D9EA088323861D6E00FE9570 /* Resources */,
				531C2C28588E1602EAB06081 /* [CP] Embed Pods Frameworks */,
			);
			buildRules = (
			);
			dependencies = (
			);
			name = Flixster;
			productName = Flixster;
			productReference = D9EA088523861D6E00FE9570 /* Flixster.app */;
			productType = "com.apple.product-type.application";
		};
/* End PBXNativeTarget section */

/* Begin PBXProject section */
		D9EA087D23861D6E00FE9570 /* Project object */ = {
			isa = PBXProject;
			attributes = {
				LastSwiftUpdateCheck = 1120;
				LastUpgradeCheck = 1120;
				ORGANIZATIONNAME = "Jonathon Chenvert";
				TargetAttributes = {
					D9EA088423861D6E00FE9570 = {
						CreatedOnToolsVersion = 11.2.1;
					};
				};
			};
			buildConfigurationList = D9EA088023861D6E00FE9570 /* Build configuration list for PBXProject "Flixster" */;
			compatibilityVersion = "Xcode 9.3";
			developmentRegion = en;
			hasScannedForEncodings = 0;
			knownRegions = (
				en,
				Base,
			);
			mainGroup = D9EA087C23861D6E00FE9570;
			productRefGroup = D9EA088623861D6E00FE9570 /* Products */;
			projectDirPath = "";
			projectRoot = "";
			targets = (
				D9EA088423861D6E00FE9570 /* Flixster */,
			);
		};
/* End PBXProject section */

/* Begin PBXResourcesBuildPhase section */
		D9EA088323861D6E00FE9570 /* Resources */ = {
			isa = PBXResourcesBuildPhase;
			buildActionMask = 2147483647;
			files = (
				D9EA089523861D7000FE9570 /* LaunchScreen.storyboard in Resources */,
				D9EA089223861D7000FE9570 /* Assets.xcassets in Resources */,
				D9EA089023861D6E00FE9570 /* Main.storyboard in Resources */,
			);
			runOnlyForDeploymentPostprocessing = 0;
		};
/* End PBXResourcesBuildPhase section */

/* Begin PBXShellScriptBuildPhase section */
		531C2C28588E1602EAB06081 /* [CP] Embed Pods Frameworks */ = {
			isa = PBXShellScriptBuildPhase;
			buildActionMask = 2147483647;
			files = (
			);
			inputFileListPaths = (
				"${PODS_ROOT}/Target Support Files/Pods-Flixster/Pods-Flixster-frameworks-${CONFIGURATION}-input-files.xcfilelist",
			);
			name = "[CP] Embed Pods Frameworks";
			outputFileListPaths = (
				"${PODS_ROOT}/Target Support Files/Pods-Flixster/Pods-Flixster-frameworks-${CONFIGURATION}-output-files.xcfilelist",
			);
			runOnlyForDeploymentPostprocessing = 0;
			shellPath = /bin/sh;
			shellScript = "\"${PODS_ROOT}/Target Support Files/Pods-Flixster/Pods-Flixster-frameworks.sh\"\n";
			showEnvVarsInLog = 0;
		};
		C92DB2C76027978D742D1A22 /* [CP] Check Pods Manifest.lock */ = {
			isa = PBXShellScriptBuildPhase;
			buildActionMask = 2147483647;
			files = (
			);
			inputFileListPaths = (
			);
			inputPaths = (
				"${PODS_PODFILE_DIR_PATH}/Podfile.lock",
				"${PODS_ROOT}/Manifest.lock",
			);
			name = "[CP] Check Pods Manifest.lock";
			outputFileListPaths = (
			);
			outputPaths = (
				"$(DERIVED_FILE_DIR)/Pods-Flixster-checkManifestLockResult.txt",
			);
			runOnlyForDeploymentPostprocessing = 0;
			shellPath = /bin/sh;
			shellScript = "diff \"${PODS_PODFILE_DIR_PATH}/Podfile.lock\" \"${PODS_ROOT}/Manifest.lock\" > /dev/null\nif [ $? != 0 ] ; then\n    # print error to STDERR\n    echo \"error: The sandbox is not in sync with the Podfile.lock. Run 'pod install' or update your CocoaPods installation.\" >&2\n    exit 1\nfi\n# This output is used by Xcode 'outputs' to avoid re-running this script phase.\necho \"SUCCESS\" > \"${SCRIPT_OUTPUT_FILE_0}\"\n";
			showEnvVarsInLog = 0;
		};
/* End PBXShellScriptBuildPhase section */

/* Begin PBXSourcesBuildPhase section */
		D9EA088123861D6E00FE9570 /* Sources */ = {
			isa = PBXSourcesBuildPhase;
			buildActionMask = 2147483647;
			files = (
				D97056B92395E9C300CCC2EC /* MovieDetailsViewController.swift in Sources */,
				D9EA088923861D6E00FE9570 /* AppDelegate.swift in Sources */,
				D9EA088B23861D6E00FE9570 /* SceneDelegate.swift in Sources */,
				D9841983238772C600FD3456 /* MovieCell.swift in Sources */,
				D9EA089D2386263300FE9570 /* MoviesViewController.swift in Sources */,
				D9D1DE422396DB690014C97B /* MovieGridViewController.swift in Sources */,
				D9D1DE442396DE8D0014C97B /* MovieGridCell.swift in Sources */,
				D9E784842396F202007A0A3B /* UrlHelper.swift in Sources */,
				D9A38CD0239B70A60036298B /* SuperheroMovieDetailsViewController.swift in Sources */,
			);
			runOnlyForDeploymentPostprocessing = 0;
		};
/* End PBXSourcesBuildPhase section */

/* Begin PBXVariantGroup section */
		D9EA088E23861D6E00FE9570 /* Main.storyboard */ = {
			isa = PBXVariantGroup;
			children = (
				D9EA088F23861D6E00FE9570 /* Base */,
			);
			name = Main.storyboard;
			sourceTree = "<group>";
		};
		D9EA089323861D7000FE9570 /* LaunchScreen.storyboard */ = {
			isa = PBXVariantGroup;
			children = (
				D9EA089423861D7000FE9570 /* Base */,
			);
			name = LaunchScreen.storyboard;
			sourceTree = "<group>";
		};
/* End PBXVariantGroup section */

/* Begin XCBuildConfiguration section */
		D9EA089723861D7000FE9570 /* Debug */ = {
			isa = XCBuildConfiguration;
			buildSettings = {
				ALWAYS_SEARCH_USER_PATHS = NO;
				CLANG_ANALYZER_NONNULL = YES;
				CLANG_ANALYZER_NUMBER_OBJECT_CONVERSION = YES_AGGRESSIVE;
				CLANG_CXX_LANGUAGE_STANDARD = "gnu++14";
				CLANG_CXX_LIBRARY = "libc++";
				CLANG_ENABLE_MODULES = YES;
				CLANG_ENABLE_OBJC_ARC = YES;
				CLANG_ENABLE_OBJC_WEAK = YES;
				CLANG_WARN_BLOCK_CAPTURE_AUTORELEASING = YES;
				CLANG_WARN_BOOL_CONVERSION = YES;
				CLANG_WARN_COMMA = YES;
				CLANG_WARN_CONSTANT_CONVERSION = YES;
				CLANG_WARN_DEPRECATED_OBJC_IMPLEMENTATIONS = YES;
				CLANG_WARN_DIRECT_OBJC_ISA_USAGE = YES_ERROR;
				CLANG_WARN_DOCUMENTATION_COMMENTS = YES;
				CLANG_WARN_EMPTY_BODY = YES;
				CLANG_WARN_ENUM_CONVERSION = YES;
				CLANG_WARN_INFINITE_RECURSION = YES;
				CLANG_WARN_INT_CONVERSION = YES;
				CLANG_WARN_NON_LITERAL_NULL_CONVERSION = YES;
				CLANG_WARN_OBJC_IMPLICIT_RETAIN_SELF = YES;
				CLANG_WARN_OBJC_LITERAL_CONVERSION = YES;
				CLANG_WARN_OBJC_ROOT_CLASS = YES_ERROR;
				CLANG_WARN_RANGE_LOOP_ANALYSIS = YES;
				CLANG_WARN_STRICT_PROTOTYPES = YES;
				CLANG_WARN_SUSPICIOUS_MOVE = YES;
				CLANG_WARN_UNGUARDED_AVAILABILITY = YES_AGGRESSIVE;
				CLANG_WARN_UNREACHABLE_CODE = YES;
				CLANG_WARN__DUPLICATE_METHOD_MATCH = YES;
				COPY_PHASE_STRIP = NO;
				DEBUG_INFORMATION_FORMAT = dwarf;
				ENABLE_STRICT_OBJC_MSGSEND = YES;
				ENABLE_TESTABILITY = YES;
				GCC_C_LANGUAGE_STANDARD = gnu11;
				GCC_DYNAMIC_NO_PIC = NO;
				GCC_NO_COMMON_BLOCKS = YES;
				GCC_OPTIMIZATION_LEVEL = 0;
				GCC_PREPROCESSOR_DEFINITIONS = (
					"DEBUG=1",
					"$(inherited)",
				);
				GCC_WARN_64_TO_32_BIT_CONVERSION = YES;
				GCC_WARN_ABOUT_RETURN_TYPE = YES_ERROR;
				GCC_WARN_UNDECLARED_SELECTOR = YES;
				GCC_WARN_UNINITIALIZED_AUTOS = YES_AGGRESSIVE;
				GCC_WARN_UNUSED_FUNCTION = YES;
				GCC_WARN_UNUSED_VARIABLE = YES;
				IPHONEOS_DEPLOYMENT_TARGET = 13.2;
				MTL_ENABLE_DEBUG_INFO = INCLUDE_SOURCE;
				MTL_FAST_MATH = YES;
				ONLY_ACTIVE_ARCH = YES;
				SDKROOT = iphoneos;
				SWIFT_ACTIVE_COMPILATION_CONDITIONS = DEBUG;
				SWIFT_OPTIMIZATION_LEVEL = "-Onone";
			};
			name = Debug;
		};
		D9EA089823861D7000FE9570 /* Release */ = {
			isa = XCBuildConfiguration;
			buildSettings = {
				ALWAYS_SEARCH_USER_PATHS = NO;
				CLANG_ANALYZER_NONNULL = YES;
				CLANG_ANALYZER_NUMBER_OBJECT_CONVERSION = YES_AGGRESSIVE;
				CLANG_CXX_LANGUAGE_STANDARD = "gnu++14";
				CLANG_CXX_LIBRARY = "libc++";
				CLANG_ENABLE_MODULES = YES;
				CLANG_ENABLE_OBJC_ARC = YES;
				CLANG_ENABLE_OBJC_WEAK = YES;
				CLANG_WARN_BLOCK_CAPTURE_AUTORELEASING = YES;
				CLANG_WARN_BOOL_CONVERSION = YES;
				CLANG_WARN_COMMA = YES;
				CLANG_WARN_CONSTANT_CONVERSION = YES;
				CLANG_WARN_DEPRECATED_OBJC_IMPLEMENTATIONS = YES;
				CLANG_WARN_DIRECT_OBJC_ISA_USAGE = YES_ERROR;
				CLANG_WARN_DOCUMENTATION_COMMENTS = YES;
				CLANG_WARN_EMPTY_BODY = YES;
				CLANG_WARN_ENUM_CONVERSION = YES;
				CLANG_WARN_INFINITE_RECURSION = YES;
				CLANG_WARN_INT_CONVERSION = YES;
				CLANG_WARN_NON_LITERAL_NULL_CONVERSION = YES;
				CLANG_WARN_OBJC_IMPLICIT_RETAIN_SELF = YES;
				CLANG_WARN_OBJC_LITERAL_CONVERSION = YES;
				CLANG_WARN_OBJC_ROOT_CLASS = YES_ERROR;
				CLANG_WARN_RANGE_LOOP_ANALYSIS = YES;
				CLANG_WARN_STRICT_PROTOTYPES = YES;
				CLANG_WARN_SUSPICIOUS_MOVE = YES;
				CLANG_WARN_UNGUARDED_AVAILABILITY = YES_AGGRESSIVE;
				CLANG_WARN_UNREACHABLE_CODE = YES;
				CLANG_WARN__DUPLICATE_METHOD_MATCH = YES;
				COPY_PHASE_STRIP = NO;
				DEBUG_INFORMATION_FORMAT = "dwarf-with-dsym";
				ENABLE_NS_ASSERTIONS = NO;
				ENABLE_STRICT_OBJC_MSGSEND = YES;
				GCC_C_LANGUAGE_STANDARD = gnu11;
				GCC_NO_COMMON_BLOCKS = YES;
				GCC_WARN_64_TO_32_BIT_CONVERSION = YES;
				GCC_WARN_ABOUT_RETURN_TYPE = YES_ERROR;
				GCC_WARN_UNDECLARED_SELECTOR = YES;
				GCC_WARN_UNINITIALIZED_AUTOS = YES_AGGRESSIVE;
				GCC_WARN_UNUSED_FUNCTION = YES;
				GCC_WARN_UNUSED_VARIABLE = YES;
				IPHONEOS_DEPLOYMENT_TARGET = 13.2;
				MTL_ENABLE_DEBUG_INFO = NO;
				MTL_FAST_MATH = YES;
				SDKROOT = iphoneos;
				SWIFT_COMPILATION_MODE = wholemodule;
				SWIFT_OPTIMIZATION_LEVEL = "-O";
				VALIDATE_PRODUCT = YES;
			};
			name = Release;
		};
		D9EA089A23861D7000FE9570 /* Debug */ = {
			isa = XCBuildConfiguration;
			baseConfigurationReference = 6AF75F81DC6F6E8B425802A1 /* Pods-Flixster.debug.xcconfig */;
			buildSettings = {
				ASSETCATALOG_COMPILER_APPICON_NAME = AppIcon;
				CODE_SIGN_STYLE = Automatic;
				DEVELOPMENT_TEAM = NYLV7H6AAY;
				INFOPLIST_FILE = Flixster/Info.plist;
				LD_RUNPATH_SEARCH_PATHS = (
					"$(inherited)",
					"@executable_path/Frameworks",
				);
				PRODUCT_BUNDLE_IDENTIFIER = com.jonathonchenvert.Flixster;
				PRODUCT_NAME = "$(TARGET_NAME)";
				SWIFT_VERSION = 5.0;
				TARGETED_DEVICE_FAMILY = "1,2";
			};
			name = Debug;
		};
		D9EA089B23861D7000FE9570 /* Release */ = {
			isa = XCBuildConfiguration;
			baseConfigurationReference = C139FB0B9C5ABDC2291A4769 /* Pods-Flixster.release.xcconfig */;
			buildSettings = {
				ASSETCATALOG_COMPILER_APPICON_NAME = AppIcon;
				CODE_SIGN_STYLE = Automatic;
				DEVELOPMENT_TEAM = NYLV7H6AAY;
				INFOPLIST_FILE = Flixster/Info.plist;
				LD_RUNPATH_SEARCH_PATHS = (
					"$(inherited)",
					"@executable_path/Frameworks",
				);
				PRODUCT_BUNDLE_IDENTIFIER = com.jonathonchenvert.Flixster;
				PRODUCT_NAME = "$(TARGET_NAME)";
				SWIFT_VERSION = 5.0;
				TARGETED_DEVICE_FAMILY = "1,2";
			};
			name = Release;
		};
/* End XCBuildConfiguration section */

/* Begin XCConfigurationList section */
		D9EA088023861D6E00FE9570 /* Build configuration list for PBXProject "Flixster" */ = {
			isa = XCConfigurationList;
			buildConfigurations = (
				D9EA089723861D7000FE9570 /* Debug */,
				D9EA089823861D7000FE9570 /* Release */,
			);
			defaultConfigurationIsVisible = 0;
			defaultConfigurationName = Release;
		};
		D9EA089923861D7000FE9570 /* Build configuration list for PBXNativeTarget "Flixster" */ = {
			isa = XCConfigurationList;
			buildConfigurations = (
				D9EA089A23861D7000FE9570 /* Debug */,
				D9EA089B23861D7000FE9570 /* Release */,
			);
			defaultConfigurationIsVisible = 0;
			defaultConfigurationName = Release;
		};
/* End XCConfigurationList section */
	};
	rootObject = D9EA087D23861D6E00FE9570 /* Project object */;
}
